
Microsoft Visual Studio Solution File, Format Version 12.00
# Visual Studio Version 17
VisualStudioVersion = 17.7.34024.191
MinimumVisualStudioVersion = 10.0.40219.1
Project("{2150E333-8FDC-42A3-9474-1A3956D46DE8}") = "дз C# 2", "дз C# 2", "{86D35339-4E24-46A3-BE7A-D3DA24AFAAC7}"
EndProject
Project("{2150E333-8FDC-42A3-9474-1A3956D46DE8}") = "дз С# 1", "дз С# 1", "{C2DC5D44-566E-4C0F-9D85-20823A4E115D}"
EndProject
Project("{2150E333-8FDC-42A3-9474-1A3956D46DE8}") = "дз C# 3", "дз C# 3", "{29392D17-A5F2-4530-BCF1-EC1BD849554B}"
	ProjectSection(SolutionItems) = preProject
		дз C# 2\дз C# 2.5\Program.cs = дз C# 2\дз C# 2.5\Program.cs
	EndProjectSection
EndProject
Project("{9A19103F-16F7-4668-BE54-9A1E7A4F7556}") = "дз C# 3.1", "дз C# 3\дз C# 3.1\дз C# 3.1.csproj", "{F6D766A4-99FE-4BB3-AF41-6050D85E826D}"
EndProject
Project("{9A19103F-16F7-4668-BE54-9A1E7A4F7556}") = "дз C# 2.1", "дз C# 2\дз C# 2.1\дз C# 2.1.csproj", "{57C55ED0-FBD5-47E1-BB02-D07BAA9E7357}"
EndProject
Project("{9A19103F-16F7-4668-BE54-9A1E7A4F7556}") = "дз C# 2.2", "дз C# 2\дз C# 2.2\дз C# 2.2.csproj", "{94410940-A521-43B2-A651-08370210E04F}"
EndProject
Project("{9A19103F-16F7-4668-BE54-9A1E7A4F7556}") = "дз C# 2.5", "дз C# 2\дз C# 2.5\дз C# 2.5.csproj", "{5C983F06-F774-4F15-9292-90F35465BEB2}"
EndProject
Project("{9A19103F-16F7-4668-BE54-9A1E7A4F7556}") = "дз C# 1.1", "дз C# 1\дз C# 1.1\дз C# 1.1.csproj", "{21F9C85F-49E7-4E3B-BE26-91DE7FA46118}"
EndProject
Project("{9A19103F-16F7-4668-BE54-9A1E7A4F7556}") = "дз C# 1.2", "дз C# 1\дз C# 1.2\дз C# 1.2.csproj", "{CB66D825-9E1F-4798-87E0-E9B121D5C21C}"
EndProject
Project("{9A19103F-16F7-4668-BE54-9A1E7A4F7556}") = "дз С# 2.3", "дз С# 2.3\дз С# 2.3.csproj", "{AE15CEBC-48DD-4961-9070-DD2D2CCDD4E7}"
EndProject
Project("{9A19103F-16F7-4668-BE54-9A1E7A4F7556}") = "дз С# 2.4", "дз С# 2.4\дз С# 2.4.csproj", "{3C32A651-5F17-4839-816E-26C561651062}"
EndProject
Global
	GlobalSection(SolutionConfigurationPlatforms) = preSolution
		Debug|Any CPU = Debug|Any CPU
		Release|Any CPU = Release|Any CPU
	EndGlobalSection
	GlobalSection(ProjectConfigurationPlatforms) = postSolution
		{F6D766A4-99FE-4BB3-AF41-6050D85E826D}.Debug|Any CPU.ActiveCfg = Debug|Any CPU
		{F6D766A4-99FE-4BB3-AF41-6050D85E826D}.Debug|Any CPU.Build.0 = Debug|Any CPU
		{F6D766A4-99FE-4BB3-AF41-6050D85E826D}.Release|Any CPU.ActiveCfg = Release|Any CPU
		{F6D766A4-99FE-4BB3-AF41-6050D85E826D}.Release|Any CPU.Build.0 = Release|Any CPU
		{57C55ED0-FBD5-47E1-BB02-D07BAA9E7357}.Debug|Any CPU.ActiveCfg = Debug|Any CPU
		{57C55ED0-FBD5-47E1-BB02-D07BAA9E7357}.Debug|Any CPU.Build.0 = Debug|Any CPU
		{57C55ED0-FBD5-47E1-BB02-D07BAA9E7357}.Release|Any CPU.ActiveCfg = Release|Any CPU
		{57C55ED0-FBD5-47E1-BB02-D07BAA9E7357}.Release|Any CPU.Build.0 = Release|Any CPU
		{94410940-A521-43B2-A651-08370210E04F}.Debug|Any CPU.ActiveCfg = Debug|Any CPU
		{94410940-A521-43B2-A651-08370210E04F}.Debug|Any CPU.Build.0 = Debug|Any CPU
		{94410940-A521-43B2-A651-08370210E04F}.Release|Any CPU.ActiveCfg = Release|Any CPU
		{94410940-A521-43B2-A651-08370210E04F}.Release|Any CPU.Build.0 = Release|Any CPU
		{5C983F06-F774-4F15-9292-90F35465BEB2}.Debug|Any CPU.ActiveCfg = Debug|Any CPU
		{5C983F06-F774-4F15-9292-90F35465BEB2}.Debug|Any CPU.Build.0 = Debug|Any CPU
		{5C983F06-F774-4F15-9292-90F35465BEB2}.Release|Any CPU.ActiveCfg = Release|Any CPU
		{5C983F06-F774-4F15-9292-90F35465BEB2}.Release|Any CPU.Build.0 = Release|Any CPU
		{21F9C85F-49E7-4E3B-BE26-91DE7FA46118}.Debug|Any CPU.ActiveCfg = Debug|Any CPU
		{21F9C85F-49E7-4E3B-BE26-91DE7FA46118}.Debug|Any CPU.Build.0 = Debug|Any CPU
		{21F9C85F-49E7-4E3B-BE26-91DE7FA46118}.Release|Any CPU.ActiveCfg = Release|Any CPU
		{21F9C85F-49E7-4E3B-BE26-91DE7FA46118}.Release|Any CPU.Build.0 = Release|Any CPU
		{CB66D825-9E1F-4798-87E0-E9B121D5C21C}.Debug|Any CPU.ActiveCfg = Debug|Any CPU
		{CB66D825-9E1F-4798-87E0-E9B121D5C21C}.Debug|Any CPU.Build.0 = Debug|Any CPU
		{CB66D825-9E1F-4798-87E0-E9B121D5C21C}.Release|Any CPU.ActiveCfg = Release|Any CPU
		{CB66D825-9E1F-4798-87E0-E9B121D5C21C}.Release|Any CPU.Build.0 = Release|Any CPU
		{AE15CEBC-48DD-4961-9070-DD2D2CCDD4E7}.Debug|Any CPU.ActiveCfg = Debug|Any CPU
		{AE15CEBC-48DD-4961-9070-DD2D2CCDD4E7}.Debug|Any CPU.Build.0 = Debug|Any CPU
		{AE15CEBC-48DD-4961-9070-DD2D2CCDD4E7}.Release|Any CPU.ActiveCfg = Release|Any CPU
		{AE15CEBC-48DD-4961-9070-DD2D2CCDD4E7}.Release|Any CPU.Build.0 = Release|Any CPU
		{3C32A651-5F17-4839-816E-26C561651062}.Debug|Any CPU.ActiveCfg = Debug|Any CPU
		{3C32A651-5F17-4839-816E-26C561651062}.Debug|Any CPU.Build.0 = Debug|Any CPU
		{3C32A651-5F17-4839-816E-26C561651062}.Release|Any CPU.ActiveCfg = Release|Any CPU
		{3C32A651-5F17-4839-816E-26C561651062}.Release|Any CPU.Build.0 = Release|Any CPU
	EndGlobalSection
	GlobalSection(SolutionProperties) = preSolution
		HideSolutionNode = FALSE
	EndGlobalSection
	GlobalSection(NestedProjects) = preSolution
		{F6D766A4-99FE-4BB3-AF41-6050D85E826D} = {29392D17-A5F2-4530-BCF1-EC1BD849554B}
		{57C55ED0-FBD5-47E1-BB02-D07BAA9E7357} = {86D35339-4E24-46A3-BE7A-D3DA24AFAAC7}
		{94410940-A521-43B2-A651-08370210E04F} = {86D35339-4E24-46A3-BE7A-D3DA24AFAAC7}
		{5C983F06-F774-4F15-9292-90F35465BEB2} = {86D35339-4E24-46A3-BE7A-D3DA24AFAAC7}
		{21F9C85F-49E7-4E3B-BE26-91DE7FA46118} = {C2DC5D44-566E-4C0F-9D85-20823A4E115D}
		{CB66D825-9E1F-4798-87E0-E9B121D5C21C} = {C2DC5D44-566E-4C0F-9D85-20823A4E115D}
		{AE15CEBC-48DD-4961-9070-DD2D2CCDD4E7} = {86D35339-4E24-46A3-BE7A-D3DA24AFAAC7}
		{3C32A651-5F17-4839-816E-26C561651062} = {86D35339-4E24-46A3-BE7A-D3DA24AFAAC7}
	EndGlobalSection
	GlobalSection(ExtensibilityGlobals) = postSolution
		SolutionGuid = {EF786D9B-634A-4013-901E-2A80942CDB60}
	EndGlobalSection
EndGlobal
